Microsoft Visual Studio Solution File, Format Version 12.00
# Visual Studio Version 17
VisualStudioVersion = 17.5.2.0
MinimumVisualStudioVersion = 10.0.40219.1
Project("{FAE04EC0-301F-11D3-BF4B-00C04F79EFBC}") = "EnflorarteTopiProyecto", "EnflorarteTopiProyecto\EnflorarteTopiProyecto.csproj", "{7E76A21E-1BE5-83ED-97D2-E13D1B5BC464}"
EndProject
Global
	GlobalSection(SolutionConfigurationPlatforms) = preSolution
		Debug|Any CPU = Debug|Any CPU
		Release|Any CPU = Release|Any CPU
	EndGlobalSection
	GlobalSection(ProjectConfigurationPlatforms) = postSolution
		{7E76A21E-1BE5-83ED-97D2-E13D1B5BC464}.Debug|Any CPU.ActiveCfg = Debug|Any CPU
		{7E76A21E-1BE5-83ED-97D2-E13D1B5BC464}.Debug|Any CPU.Build.0 = Debug|Any CPU
		{7E76A21E-1BE5-83ED-97D2-E13D1B5BC464}.Release|Any CPU.ActiveCfg = Release|Any CPU
		{7E76A21E-1BE5-83ED-97D2-E13D1B5BC464}.Release|Any CPU.Build.0 = Release|Any CPU
	EndGlobalSection
	GlobalSection(SolutionProperties) = preSolution
		HideSolutionNode = FALSE
	EndGlobalSection
	GlobalSection(ExtensibilityGlobals) = postSolution
		SolutionGuid = {6C735535-86D2-4BE3-B8A9-53594B95237D}
	EndGlobalSection
EndGlobal
